
Microsoft Visual Studio Solution File, Format Version 11.00
# Visual Studio 2010
Project("{FAE04EC0-301F-11D3-BF4B-00C04F79EFBC}") = "TVDb", "TVDb.csproj", "{A8A61C9D-1FDC-4EB0-B230-2AEEEA64500E}"
EndProject
Global
	GlobalSection(SolutionConfigurationPlatforms) = preSolution
		Debug|Any CPU = Debug|Any CPU
		Release|Any CPU = Release|Any CPU
	EndGlobalSection
	GlobalSection(ProjectConfigurationPlatforms) = postSolution
		{A8A61C9D-1FDC-4EB0-B230-2AEEEA64500E}.Debug|Any CPU.ActiveCfg = Debug|Any CPU
		{A8A61C9D-1FDC-4EB0-B230-2AEEEA64500E}.Debug|Any CPU.Build.0 = Debug|Any CPU
		{A8A61C9D-1FDC-4EB0-B230-2AEEEA64500E}.Release|Any CPU.ActiveCfg = Release|Any CPU
		{A8A61C9D-1FDC-4EB0-B230-2AEEEA64500E}.Release|Any CPU.Build.0 = Release|Any CPU
	EndGlobalSection
	GlobalSection(MonoDevelopProperties) = preSolution
		StartupItem = TVDb.csproj
	EndGlobalSection
EndGlobal
